
Microsoft Visual Studio Solution File, Format Version 12.00
# Visual Studio Version 16
VisualStudioVersion = 16.0.33328.57
MinimumVisualStudioVersion = 10.0.40219.1
Project("{FAE04EC0-301F-11D3-BF4B-00C04F79EFBC}") = "CapaPresentacion", "CapaPresentacion\CapaPresentacion.csproj", "{FC4B82A7-26B4-4F84-8B71-AD686C0CA769}"
EndProject
Project("{FAE04EC0-301F-11D3-BF4B-00C04F79EFBC}") = "CapaLogica", "CapaLogica\CapaLogica.csproj", "{18E91441-C450-4ACE-A1F5-5EAD2A018EC8}"
EndProject
Project("{FAE04EC0-301F-11D3-BF4B-00C04F79EFBC}") = "CapaEntidad", "CapaEntidad\CapaEntidad.csproj", "{7D47272D-A782-4E4D-A276-D1CE03B0402F}"
EndProject
Project("{FAE04EC0-301F-11D3-BF4B-00C04F79EFBC}") = "CapaDatos", "CapaDatos\CapaDatos.csproj", "{D4AE756C-958B-4C2D-81E6-89B98FD5DDF6}"
EndProject
Global
	GlobalSection(SolutionConfigurationPlatforms) = preSolution
		Debug|Any CPU = Debug|Any CPU
		Release|Any CPU = Release|Any CPU
	EndGlobalSection
	GlobalSection(ProjectConfigurationPlatforms) = postSolution
		{FC4B82A7-26B4-4F84-8B71-AD686C0CA769}.Debug|Any CPU.ActiveCfg = Debug|Any CPU
		{FC4B82A7-26B4-4F84-8B71-AD686C0CA769}.Debug|Any CPU.Build.0 = Debug|Any CPU
		{FC4B82A7-26B4-4F84-8B71-AD686C0CA769}.Release|Any CPU.ActiveCfg = Release|Any CPU
		{FC4B82A7-26B4-4F84-8B71-AD686C0CA769}.Release|Any CPU.Build.0 = Release|Any CPU
		{18E91441-C450-4ACE-A1F5-5EAD2A018EC8}.Debug|Any CPU.ActiveCfg = Debug|Any CPU
		{18E91441-C450-4ACE-A1F5-5EAD2A018EC8}.Debug|Any CPU.Build.0 = Debug|Any CPU
		{18E91441-C450-4ACE-A1F5-5EAD2A018EC8}.Release|Any CPU.ActiveCfg = Release|Any CPU
		{18E91441-C450-4ACE-A1F5-5EAD2A018EC8}.Release|Any CPU.Build.0 = Release|Any CPU
		{7D47272D-A782-4E4D-A276-D1CE03B0402F}.Debug|Any CPU.ActiveCfg = Debug|Any CPU
		{7D47272D-A782-4E4D-A276-D1CE03B0402F}.Debug|Any CPU.Build.0 = Debug|Any CPU
		{7D47272D-A782-4E4D-A276-D1CE03B0402F}.Release|Any CPU.ActiveCfg = Release|Any CPU
		{7D47272D-A782-4E4D-A276-D1CE03B0402F}.Release|Any CPU.Build.0 = Release|Any CPU
		{D4AE756C-958B-4C2D-81E6-89B98FD5DDF6}.Debug|Any CPU.ActiveCfg = Debug|Any CPU
		{D4AE756C-958B-4C2D-81E6-89B98FD5DDF6}.Debug|Any CPU.Build.0 = Debug|Any CPU
		{D4AE756C-958B-4C2D-81E6-89B98FD5DDF6}.Release|Any CPU.ActiveCfg = Release|Any CPU
		{D4AE756C-958B-4C2D-81E6-89B98FD5DDF6}.Release|Any CPU.Build.0 = Release|Any CPU
	EndGlobalSection
	GlobalSection(SolutionProperties) = preSolution
		HideSolutionNode = FALSE
	EndGlobalSection
	GlobalSection(ExtensibilityGlobals) = postSolution
		SolutionGuid = {DB718D09-7AAE-420E-B1FF-1B003AE33657}
	EndGlobalSection
EndGlobal
